--- 
dependencies: 
  rails: 
    group: 
    - :default
    version: = 2.3.5
  mysql: 
    group: 
    - :bundle
    version: ">= 0"
  rails_warden: 
    group: 
    - :default
    version: ">= 0"
  bullet: 
    group: 
    - :development
    version: ">= 0"
  timed_fragment_cache: 
    group: 
    - :default
    version: ">= 0"
  will_paginate: 
    group: 
    - :default
    version: ~> 2.3.12
  capistrano-ext: 
    group: 
    - :default
    version: ">= 0"
    require: 
    - capistrano
  json: 
    group: 
    - :default
    version: ">= 0"
  rmagick: 
    group: 
    - :default
    version: ">= 0"
  hoptoad_notifier: 
    group: 
    - :default
    version: ~> 2.3.0
  warden: 
    group: 
    - :default
    version: ">= 0"
  hpricot: 
    group: 
    - :default
    version: ~> 0.8.2
  oauth2: 
    group: 
    - :default
    version: ">= 0"
  warden_oauth: 
    group: 
    - :default
    version: ">= 0"
  orderedhash: 
    group: 
    - :default
    version: ">= 0"
specs: 
- rake: 
    version: 0.8.7
- activesupport: 
    version: 2.3.5
- rack: 
    version: 1.0.1
- actionpack: 
    version: 2.3.5
- actionmailer: 
    version: 2.3.5
- activerecord: 
    version: 2.3.5
- activeresource: 
    version: 2.3.5
- addressable: 
    version: 2.1.2
- bullet: 
    version: 1.7.6
- highline: 
    version: 1.6.1
- net-ssh: 
    version: 2.0.23
- net-scp: 
    version: 1.0.2
- net-sftp: 
    version: 2.0.4
- net-ssh-gateway: 
    version: 1.0.1
- capistrano: 
    version: 2.5.19
- capistrano-ext: 
    version: 1.2.1
- faraday: 
    version: 0.4.6
- hoptoad_notifier: 
    version: 2.3.2
- hpricot: 
    version: 0.8.2
- json: 
    version: 1.4.3
- multi_json: 
    version: 0.0.4
- mysql: 
    version: 2.8.1
- oauth2: 
    version: 0.0.10
    source: 2
- orderedhash: 
    version: 0.0.6
- rails: 
    version: 2.3.5
- warden: 
    version: 0.10.7
- rails_warden: 
    version: 0.5.2
    source: 0
- rmagick: 
    version: 2.13.1
- timed_fragment_cache: 
    version: 0.0.1
- warden_oauth: 
    version: 0.2.0
    source: 1
- will_paginate: 
    version: 2.3.14
hash: 867ae827eee932ff6d1f7baa32b0df3d675756f8
sources: 
- Git: 
    uri: git://github.com/mrs/rails_warden.git
    git: git://github.com/mrs/rails_warden.git
    ref: d224a5f39ad1ffe9a29e4bfae62c269bada2e728
- Git: 
    uri: git://github.com/mrs/warden_oauth.git
    branch: oauth2
    git: git://github.com/mrs/warden_oauth.git
    ref: cacf1117c3c659925ba63b4bfa0070f1c7f401af
- Git: 
    uri: git://github.com/jeroenj/oauth2.git
    git: git://github.com/jeroenj/oauth2.git
    ref: bdd30ea98405405924a674a66a58426747105700
- Rubygems: 
    uri: http://rubygems.org
